
Microsoft Visual Studio Solution File, Format Version 12.00
# Visual Studio Version 17
VisualStudioVersion = 17.7.34024.191
MinimumVisualStudioVersion = 10.0.40219.1
Project("{FAE04EC0-301F-11D3-BF4B-00C04F79EFBC}") = "TicTacToe", "TicTacToe\TicTacToe.csproj", "{CEF1C9E3-6645-4D40-ACE4-8DBD061F185C}"
EndProject
Global
	GlobalSection(SolutionConfigurationPlatforms) = preSolution
		Debug|Any CPU = Debug|Any CPU
		Release|Any CPU = Release|Any CPU
	EndGlobalSection
	GlobalSection(ProjectConfigurationPlatforms) = postSolution
		{CEF1C9E3-6645-4D40-ACE4-8DBD061F185C}.Debug|Any CPU.ActiveCfg = Debug|Any CPU
		{CEF1C9E3-6645-4D40-ACE4-8DBD061F185C}.Debug|Any CPU.Build.0 = Debug|Any CPU
		{CEF1C9E3-6645-4D40-ACE4-8DBD061F185C}.Release|Any CPU.ActiveCfg = Release|Any CPU
		{CEF1C9E3-6645-4D40-ACE4-8DBD061F185C}.Release|Any CPU.Build.0 = Release|Any CPU
	EndGlobalSection
	GlobalSection(SolutionProperties) = preSolution
		HideSolutionNode = FALSE
	EndGlobalSection
	GlobalSection(ExtensibilityGlobals) = postSolution
		SolutionGuid = {339B74C0-D115-4B9E-A5D5-2ED187AEF073}
	EndGlobalSection
EndGlobal
